
Microsoft Visual Studio Solution File, Format Version 12.00
Project("{FAE04EC0-301F-11D3-BF4B-00C04F79EFBC}") = "SamuraiApp.Domain", "SamuraiApp.Domain\SamuraiApp.Domain.csproj", "{FBBF1D0A-0BE3-43C4-A7F4-66B72E83767E}"
EndProject
Global
	GlobalSection(SolutionConfigurationPlatforms) = preSolution
		Debug|Any CPU = Debug|Any CPU
		Release|Any CPU = Release|Any CPU
	EndGlobalSection
	GlobalSection(ProjectConfigurationPlatforms) = postSolution
		{FBBF1D0A-0BE3-43C4-A7F4-66B72E83767E}.Debug|Any CPU.ActiveCfg = Debug|Any CPU
		{FBBF1D0A-0BE3-43C4-A7F4-66B72E83767E}.Debug|Any CPU.Build.0 = Debug|Any CPU
		{FBBF1D0A-0BE3-43C4-A7F4-66B72E83767E}.Release|Any CPU.ActiveCfg = Release|Any CPU
		{FBBF1D0A-0BE3-43C4-A7F4-66B72E83767E}.Release|Any CPU.Build.0 = Release|Any CPU
	EndGlobalSection
EndGlobal
